
Microsoft Visual Studio Solution File, Format Version 12.00
# Visual Studio 2013
VisualStudioVersion = 12.0.40629.0
MinimumVisualStudioVersion = 10.0.40219.1
Project("{FAE04EC0-301F-11D3-BF4B-00C04F79EFBC}") = "PL", "PL\PL.csproj", "{E952AC17-5ABD-467E-91FD-B8370016DD91}"
EndProject
Project("{FAE04EC0-301F-11D3-BF4B-00C04F79EFBC}") = "DAL", "DAL\DAL.csproj", "{A02210F7-608D-4EAC-B43A-BAA83DE1A844}"
EndProject
Project("{FAE04EC0-301F-11D3-BF4B-00C04F79EFBC}") = "BLL", "BLL\BLL.csproj", "{A2D0F1D7-B013-4834-89E0-CFCA78DF0FCF}"
EndProject
Project("{FAE04EC0-301F-11D3-BF4B-00C04F79EFBC}") = "Teste", "Teste\Teste.csproj", "{BFF9A62A-3F50-4255-97A4-686F3032559D}"
EndProject
Global
	GlobalSection(SolutionConfigurationPlatforms) = preSolution
		Debug|Any CPU = Debug|Any CPU
		Release|Any CPU = Release|Any CPU
	EndGlobalSection
	GlobalSection(ProjectConfigurationPlatforms) = postSolution
		{E952AC17-5ABD-467E-91FD-B8370016DD91}.Debug|Any CPU.ActiveCfg = Debug|Any CPU
		{E952AC17-5ABD-467E-91FD-B8370016DD91}.Debug|Any CPU.Build.0 = Debug|Any CPU
		{E952AC17-5ABD-467E-91FD-B8370016DD91}.Release|Any CPU.ActiveCfg = Release|Any CPU
		{E952AC17-5ABD-467E-91FD-B8370016DD91}.Release|Any CPU.Build.0 = Release|Any CPU
		{A02210F7-608D-4EAC-B43A-BAA83DE1A844}.Debug|Any CPU.ActiveCfg = Debug|Any CPU
		{A02210F7-608D-4EAC-B43A-BAA83DE1A844}.Debug|Any CPU.Build.0 = Debug|Any CPU
		{A02210F7-608D-4EAC-B43A-BAA83DE1A844}.Release|Any CPU.ActiveCfg = Release|Any CPU
		{A02210F7-608D-4EAC-B43A-BAA83DE1A844}.Release|Any CPU.Build.0 = Release|Any CPU
		{A2D0F1D7-B013-4834-89E0-CFCA78DF0FCF}.Debug|Any CPU.ActiveCfg = Debug|Any CPU
		{A2D0F1D7-B013-4834-89E0-CFCA78DF0FCF}.Debug|Any CPU.Build.0 = Debug|Any CPU
		{A2D0F1D7-B013-4834-89E0-CFCA78DF0FCF}.Release|Any CPU.ActiveCfg = Release|Any CPU
		{A2D0F1D7-B013-4834-89E0-CFCA78DF0FCF}.Release|Any CPU.Build.0 = Release|Any CPU
		{BFF9A62A-3F50-4255-97A4-686F3032559D}.Debug|Any CPU.ActiveCfg = Debug|Any CPU
		{BFF9A62A-3F50-4255-97A4-686F3032559D}.Debug|Any CPU.Build.0 = Debug|Any CPU
		{BFF9A62A-3F50-4255-97A4-686F3032559D}.Release|Any CPU.ActiveCfg = Release|Any CPU
		{BFF9A62A-3F50-4255-97A4-686F3032559D}.Release|Any CPU.Build.0 = Release|Any CPU
	EndGlobalSection
	GlobalSection(SolutionProperties) = preSolution
		HideSolutionNode = FALSE
	EndGlobalSection
EndGlobal
